
Microsoft Visual Studio Solution File, Format Version 12.00
# Visual Studio Version 17
VisualStudioVersion = 17.11.35327.3
MinimumVisualStudioVersion = 10.0.40219.1
Project("{FAE04EC0-301F-11D3-BF4B-00C04F79EFBC}") = "InsuranceCompany", "InsuranceCompany.csproj", "{CC6E8E7E-5776-4523-BC25-93484CCCCC72}"
EndProject
Project("{FAE04EC0-301F-11D3-BF4B-00C04F79EFBC}") = "InsuranceCompany.Dal", "..\InsuranceCompany.Dal\InsuranceCompany.Dal.csproj", "{05489396-3D84-4263-A2F6-1EF480F891E7}"
EndProject
Project("{FAE04EC0-301F-11D3-BF4B-00C04F79EFBC}") = "InsuranceCompany.Web", "..\InsuranceCompany.Web\InsuranceCompany.Web.csproj", "{FAC3972A-C90A-4577-93F0-791F6AB5255D}"
EndProject
Global
	GlobalSection(SolutionConfigurationPlatforms) = preSolution
		Debug|Any CPU = Debug|Any CPU
		Release|Any CPU = Release|Any CPU
	EndGlobalSection
	GlobalSection(ProjectConfigurationPlatforms) = postSolution
		{CC6E8E7E-5776-4523-BC25-93484CCCCC72}.Debug|Any CPU.ActiveCfg = Debug|Any CPU
		{CC6E8E7E-5776-4523-BC25-93484CCCCC72}.Debug|Any CPU.Build.0 = Debug|Any CPU
		{CC6E8E7E-5776-4523-BC25-93484CCCCC72}.Release|Any CPU.ActiveCfg = Release|Any CPU
		{CC6E8E7E-5776-4523-BC25-93484CCCCC72}.Release|Any CPU.Build.0 = Release|Any CPU
		{05489396-3D84-4263-A2F6-1EF480F891E7}.Debug|Any CPU.ActiveCfg = Debug|Any CPU
		{05489396-3D84-4263-A2F6-1EF480F891E7}.Debug|Any CPU.Build.0 = Debug|Any CPU
		{05489396-3D84-4263-A2F6-1EF480F891E7}.Release|Any CPU.ActiveCfg = Release|Any CPU
		{05489396-3D84-4263-A2F6-1EF480F891E7}.Release|Any CPU.Build.0 = Release|Any CPU
		{FAC3972A-C90A-4577-93F0-791F6AB5255D}.Debug|Any CPU.ActiveCfg = Debug|Any CPU
		{FAC3972A-C90A-4577-93F0-791F6AB5255D}.Debug|Any CPU.Build.0 = Debug|Any CPU
		{FAC3972A-C90A-4577-93F0-791F6AB5255D}.Release|Any CPU.ActiveCfg = Release|Any CPU
		{FAC3972A-C90A-4577-93F0-791F6AB5255D}.Release|Any CPU.Build.0 = Release|Any CPU
	EndGlobalSection
	GlobalSection(SolutionProperties) = preSolution
		HideSolutionNode = FALSE
	EndGlobalSection
	GlobalSection(ExtensibilityGlobals) = postSolution
		SolutionGuid = {4FA14865-2C41-4927-833A-C20C89E1A3CA}
	EndGlobalSection
EndGlobal
